
Microsoft Visual Studio Solution File, Format Version 12.00
# Visual Studio Version 17
VisualStudioVersion = 17.10.35004.147
MinimumVisualStudioVersion = 10.0.40219.1
Project("{9A19103F-16F7-4668-BE54-9A1E7A4F7556}") = "KoalaInventoryManagement", "KoalaInventoryManagement\KoalaInventoryManagement.csproj", "{E00DC3F2-05D2-41BD-A559-C7B0F3A35961}"
EndProject
Project("{9A19103F-16F7-4668-BE54-9A1E7A4F7556}") = "Inventory.Repository", "Inventory.Repository\Inventory.Repository.csproj", "{2A630464-CB38-45B6-92E5-352E286F1D12}"
EndProject
Project("{9A19103F-16F7-4668-BE54-9A1E7A4F7556}") = "Inventory.Data", "Inventory.Data\Inventory.Data.csproj", "{50273818-6044-4574-B47B-9E1E97662D32}"
EndProject
Global
	GlobalSection(SolutionConfigurationPlatforms) = preSolution
		Debug|Any CPU = Debug|Any CPU
		Release|Any CPU = Release|Any CPU
	EndGlobalSection
	GlobalSection(ProjectConfigurationPlatforms) = postSolution
		{E00DC3F2-05D2-41BD-A559-C7B0F3A35961}.Debug|Any CPU.ActiveCfg = Debug|Any CPU
		{E00DC3F2-05D2-41BD-A559-C7B0F3A35961}.Debug|Any CPU.Build.0 = Debug|Any CPU
		{E00DC3F2-05D2-41BD-A559-C7B0F3A35961}.Release|Any CPU.ActiveCfg = Release|Any CPU
		{E00DC3F2-05D2-41BD-A559-C7B0F3A35961}.Release|Any CPU.Build.0 = Release|Any CPU
		{2A630464-CB38-45B6-92E5-352E286F1D12}.Debug|Any CPU.ActiveCfg = Debug|Any CPU
		{2A630464-CB38-45B6-92E5-352E286F1D12}.Debug|Any CPU.Build.0 = Debug|Any CPU
		{2A630464-CB38-45B6-92E5-352E286F1D12}.Release|Any CPU.ActiveCfg = Release|Any CPU
		{2A630464-CB38-45B6-92E5-352E286F1D12}.Release|Any CPU.Build.0 = Release|Any CPU
		{50273818-6044-4574-B47B-9E1E97662D32}.Debug|Any CPU.ActiveCfg = Debug|Any CPU
		{50273818-6044-4574-B47B-9E1E97662D32}.Debug|Any CPU.Build.0 = Debug|Any CPU
		{50273818-6044-4574-B47B-9E1E97662D32}.Release|Any CPU.ActiveCfg = Release|Any CPU
		{50273818-6044-4574-B47B-9E1E97662D32}.Release|Any CPU.Build.0 = Release|Any CPU
	EndGlobalSection
	GlobalSection(SolutionProperties) = preSolution
		HideSolutionNode = FALSE
	EndGlobalSection
	GlobalSection(ExtensibilityGlobals) = postSolution
		SolutionGuid = {2937743E-F00B-4688-B467-D168201F026C}
	EndGlobalSection
EndGlobal
